// !$*UTF8*$!
{
	archiveVersion = 1;
	classes = {
	};
	objectVersion = 77;
	objects = {

/* Begin PBXBuildFile section */
		02ADD7EEAD208DEDBA61A78D /* ResolvedMedia.swift in Sources */ = {isa = PBXBuildFile; fileRef = 025A7B391A7D85871F0B156C /* ResolvedMedia.swift */; };
		0C4F87A2448211DEE6C61407 /* DownloadFormatTests.swift in Sources */ = {isa = PBXBuildFile; fileRef = 9AA171E251DA9E38773F1549 /* DownloadFormatTests.swift */; };
		0D97CF181B5D7CDA1B212A08 /* YouTubeURLTests.swift in Sources */ = {isa = PBXBuildFile; fileRef = 8CD4F58C845EA3031C2D5CAB /* YouTubeURLTests.swift */; };
		0EB15912D24F484ECA413E62 /* MediaResolver.swift in Sources */ = {isa = PBXBuildFile; fileRef = B4CEBC3B53E3D98EC019309E /* MediaResolver.swift */; };
		23886F2BC6E09D001BBD9E63 /* AudioConverter.swift in Sources */ = {isa = PBXBuildFile; fileRef = 8BCB374C47BFA2A70AC569B6 /* AudioConverter.swift */; };
		2AD4BCC53B63832C7B9A9D8D /* URLParsing.swift in Sources */ = {isa = PBXBuildFile; fileRef = 3068F1484545769FF2AF1575 /* URLParsing.swift */; };
		2D582EFAC3200EA343AE3B8B /* YouTubeResolverTests.swift in Sources */ = {isa = PBXBuildFile; fileRef = FE3693BDC6FAA00299BFA395 /* YouTubeResolverTests.swift */; };
		2DE4B87777300507EB04BD99 /* FilenameSanitizerTests.swift in Sources */ = {isa = PBXBuildFile; fileRef = B5FA7F8F662F5E94D88AD4BF /* FilenameSanitizerTests.swift */; };
		3AABEBBC4F75719013398754 /* HTTPClient.swift in Sources */ = {isa = PBXBuildFile; fileRef = E61807C9C5D49E342AFAA25B /* HTTPClient.swift */; };
		3D80A2E1770A717BD92B7DCE /* DownloadViewModel.swift in Sources */ = {isa = PBXBuildFile; fileRef = C9B481889E7B7B78F5D8AD9C /* DownloadViewModel.swift */; };
		3EC54DEC30FBD2E4594B05B0 /* EmbedParser.swift in Sources */ = {isa = PBXBuildFile; fileRef = 59C43AF70E79085C401E905E /* EmbedParser.swift */; };
		55C90D3E45EDC1DB1801030C /* ContentView.swift in Sources */ = {isa = PBXBuildFile; fileRef = A421695BC2407A1F58177E7A /* ContentView.swift */; };
		5EC520EEB88E34BBB27198C4 /* FilenameSanitizer.swift in Sources */ = {isa = PBXBuildFile; fileRef = 12320048DCF14F0852D1F5A2 /* FilenameSanitizer.swift */; };
		6C2633C8EF88AAD52BBB7166 /* InstagramURLTests.swift in Sources */ = {isa = PBXBuildFile; fileRef = CA22A61CE9B88410586D95D2 /* InstagramURLTests.swift */; };
		6F6F7B0FA85FD649DA485E21 /* DownloadFormat.swift in Sources */ = {isa = PBXBuildFile; fileRef = 12774A93AA45695C6F4FA2D5 /* DownloadFormat.swift */; };
		7D78C09F411A4F8063B5B6B4 /* InstaDownloadApp.swift in Sources */ = {isa = PBXBuildFile; fileRef = B8B8333957DE0EF090605809 /* InstaDownloadApp.swift */; };
		811AA6D4E4B38A67254766D0 /* InstagramResolverTests.swift in Sources */ = {isa = PBXBuildFile; fileRef = 518D5676F3786D3A210C5852 /* InstagramResolverTests.swift */; };
		872DC4E2393A39F6F3EAB72D /* EmbedParserTests.swift in Sources */ = {isa = PBXBuildFile; fileRef = 41C79DDB72704818205728AC /* EmbedParserTests.swift */; };
		90CA3F27DB9F56BB4913B78C /* InstaDownloadError.swift in Sources */ = {isa = PBXBuildFile; fileRef = DECAE47D8F190FF4B495A371 /* InstaDownloadError.swift */; };
		A824A2B0B03759D95D0C78DF /* ErrorMappingTests.swift in Sources */ = {isa = PBXBuildFile; fileRef = 3E44BB9BF8D615C31EF0349B /* ErrorMappingTests.swift */; };
		AA1939688DD4CC20A4649024 /* InstagramURL.swift in Sources */ = {isa = PBXBuildFile; fileRef = ABEEF9E726608FAF0D94BAD6 /* InstagramURL.swift */; };
		AC270991F1F1734B24805DF7 /* YTDlpEngine.swift in Sources */ = {isa = PBXBuildFile; fileRef = 879FEEBFACD87995EE698F34 /* YTDlpEngine.swift */; };
		ACFB8A1D5C7F2C6A0C60145A /* XURL.swift in Sources */ = {isa = PBXBuildFile; fileRef = 1D331EB23E5303EB675C2D3F /* XURL.swift */; };
		B37709B0AC662798F8219AA5 /* YouTubeResolver.swift in Sources */ = {isa = PBXBuildFile; fileRef = CE16789A3DFCB95CE35A8842 /* YouTubeResolver.swift */; };
		BEF3C2E6E323E1C1C435E5C4 /* XURLTests.swift in Sources */ = {isa = PBXBuildFile; fileRef = C4CCBD87EBB700F6596B0D38 /* XURLTests.swift */; };
		C28D5F512C263E7DCA376FD0 /* XResolver.swift in Sources */ = {isa = PBXBuildFile; fileRef = 6F37AE4F0FBD587F43633BBD /* XResolver.swift */; };
		C7361DF2A86E81964DF0A4B6 /* DestinationStore.swift in Sources */ = {isa = PBXBuildFile; fileRef = 7353B45078915B9B92A4A7CF /* DestinationStore.swift */; };
		C7DAB7E4E384DE7D16AB25FC /* YouTubeURL.swift in Sources */ = {isa = PBXBuildFile; fileRef = 35738E85020E999559C502DC /* YouTubeURL.swift */; };
		E6DD24A1CE74F5BD124FD82A /* InstagramResolver.swift in Sources */ = {isa = PBXBuildFile; fileRef = F349AEE74D921C338402BA2E /* InstagramResolver.swift */; };
		EFE4FEE6C57D5951D41C87D2 /* MediaLink.swift in Sources */ = {isa = PBXBuildFile; fileRef = EC5DCABD1B971EC821FDDD53 /* MediaLink.swift */; };
		F340305DB0B549CD9FF00D29 /* Assets.xcassets in Resources */ = {isa = PBXBuildFile; fileRef = EE1A9C32D117A6E506C85CF3 /* Assets.xcassets */; };
		F67B827AF2D4F44D73A05B98 /* FileDownloader.swift in Sources */ = {isa = PBXBuildFile; fileRef = D5EB4CF20954744254046B00 /* FileDownloader.swift */; };
		F7C2E1BA75ACBAA612E1E772 /* MediaLinkTests.swift in Sources */ = {isa = PBXBuildFile; fileRef = 473105CF35630C0B79D3E879 /* MediaLinkTests.swift */; };
/* End PBXBuildFile section */

/* Begin PBXContainerItemProxy section */
		491237FDF5BAAC9C018F99CC /* PBXContainerItemProxy */ = {
			isa = PBXContainerItemProxy;
			containerPortal = CD8510F469DD46A788F51E05 /* Project object */;
			proxyType = 1;
			remoteGlobalIDString = FEE2E736DA5B11C5F8C71661;
			remoteInfo = InstaDownload;
		};
/* End PBXContainerItemProxy section */

/* Begin PBXFileReference section */
		025A7B391A7D85871F0B156C /* ResolvedMedia.swift */ = {isa = PBXFileReference; lastKnownFileType = sourcecode.swift; path = ResolvedMedia.swift; sourceTree = "<group>"; };
		12320048DCF14F0852D1F5A2 /* FilenameSanitizer.swift */ = {isa = PBXFileReference; lastKnownFileType = sourcecode.swift; path = FilenameSanitizer.swift; sourceTree = "<group>"; };
		12774A93AA45695C6F4FA2D5 /* DownloadFormat.swift */ = {isa = PBXFileReference; lastKnownFileType = sourcecode.swift; path = DownloadFormat.swift; sourceTree = "<group>"; };
		1D331EB23E5303EB675C2D3F /* XURL.swift */ = {isa = PBXFileReference; lastKnownFileType = sourcecode.swift; path = XURL.swift; sourceTree = "<group>"; };
		3068F1484545769FF2AF1575 /* URLParsing.swift */ = {isa = PBXFileReference; lastKnownFileType = sourcecode.swift; path = URLParsing.swift; sourceTree = "<group>"; };
		35738E85020E999559C502DC /* YouTubeURL.swift */ = {isa = PBXFileReference; lastKnownFileType = sourcecode.swift; path = YouTubeURL.swift; sourceTree = "<group>"; };
		3E44BB9BF8D615C31EF0349B /* ErrorMappingTests.swift */ = {isa = PBXFileReference; lastKnownFileType = sourcecode.swift; path = ErrorMappingTests.swift; sourceTree = "<group>"; };
		41C79DDB72704818205728AC /* EmbedParserTests.swift */ = {isa = PBXFileReference; lastKnownFileType = sourcecode.swift; path = EmbedParserTests.swift; sourceTree = "<group>"; };
		473105CF35630C0B79D3E879 /* MediaLinkTests.swift */ = {isa = PBXFileReference; lastKnownFileType = sourcecode.swift; path = MediaLinkTests.swift; sourceTree = "<group>"; };
		518D5676F3786D3A210C5852 /* InstagramResolverTests.swift */ = {isa = PBXFileReference; lastKnownFileType = sourcecode.swift; path = InstagramResolverTests.swift; sourceTree = "<group>"; };
		59C43AF70E79085C401E905E /* EmbedParser.swift */ = {isa = PBXFileReference; lastKnownFileType = sourcecode.swift; path = EmbedParser.swift; sourceTree = "<group>"; };
		6F37AE4F0FBD587F43633BBD /* XResolver.swift */ = {isa = PBXFileReference; lastKnownFileType = sourcecode.swift; path = XResolver.swift; sourceTree = "<group>"; };
		72A778CA13D0A240603E6283 /* InstaDownloadTests.xctest */ = {isa = PBXFileReference; explicitFileType = wrapper.cfbundle; includeInIndex = 0; path = InstaDownloadTests.xctest; sourceTree = BUILT_PRODUCTS_DIR; };
		7353B45078915B9B92A4A7CF /* DestinationStore.swift */ = {isa = PBXFileReference; lastKnownFileType = sourcecode.swift; path = DestinationStore.swift; sourceTree = "<group>"; };
		879FEEBFACD87995EE698F34 /* YTDlpEngine.swift */ = {isa = PBXFileReference; lastKnownFileType = sourcecode.swift; path = YTDlpEngine.swift; sourceTree = "<group>"; };
		8BCB374C47BFA2A70AC569B6 /* AudioConverter.swift */ = {isa = PBXFileReference; lastKnownFileType = sourcecode.swift; path = AudioConverter.swift; sourceTree = "<group>"; };
		8CD4F58C845EA3031C2D5CAB /* YouTubeURLTests.swift */ = {isa = PBXFileReference; lastKnownFileType = sourcecode.swift; path = YouTubeURLTests.swift; sourceTree = "<group>"; };
		9AA171E251DA9E38773F1549 /* DownloadFormatTests.swift */ = {isa = PBXFileReference; lastKnownFileType = sourcecode.swift; path = DownloadFormatTests.swift; sourceTree = "<group>"; };
		A421695BC2407A1F58177E7A /* ContentView.swift */ = {isa = PBXFileReference; lastKnownFileType = sourcecode.swift; path = ContentView.swift; sourceTree = "<group>"; };
		ABEEF9E726608FAF0D94BAD6 /* InstagramURL.swift */ = {isa = PBXFileReference; lastKnownFileType = sourcecode.swift; path = InstagramURL.swift; sourceTree = "<group>"; };
		B4CEBC3B53E3D98EC019309E /* MediaResolver.swift */ = {isa = PBXFileReference; lastKnownFileType = sourcecode.swift; path = MediaResolver.swift; sourceTree = "<group>"; };
		B5FA7F8F662F5E94D88AD4BF /* FilenameSanitizerTests.swift */ = {isa = PBXFileReference; lastKnownFileType = sourcecode.swift; path = FilenameSanitizerTests.swift; sourceTree = "<group>"; };
		B8B8333957DE0EF090605809 /* InstaDownloadApp.swift */ = {isa = PBXFileReference; lastKnownFileType = sourcecode.swift; path = InstaDownloadApp.swift; sourceTree = "<group>"; };
		BEE5DAE4220F181F7770D22E /* InstaDownload.app */ = {isa = PBXFileReference; explicitFileType = wrapper.application; includeInIndex = 0; path = InstaDownload.app; sourceTree = BUILT_PRODUCTS_DIR; };
		C4CCBD87EBB700F6596B0D38 /* XURLTests.swift */ = {isa = PBXFileReference; lastKnownFileType = sourcecode.swift; path = XURLTests.swift; sourceTree = "<group>"; };
		C9B481889E7B7B78F5D8AD9C /* DownloadViewModel.swift */ = {isa = PBXFileReference; lastKnownFileType = sourcecode.swift; path = DownloadViewModel.swift; sourceTree = "<group>"; };
		CA22A61CE9B88410586D95D2 /* InstagramURLTests.swift */ = {isa = PBXFileReference; lastKnownFileType = sourcecode.swift; path = InstagramURLTests.swift; sourceTree = "<group>"; };
		CE16789A3DFCB95CE35A8842 /* YouTubeResolver.swift */ = {isa = PBXFileReference; lastKnownFileType = sourcecode.swift; path = YouTubeResolver.swift; sourceTree = "<group>"; };
		D5EB4CF20954744254046B00 /* FileDownloader.swift */ = {isa = PBXFileReference; lastKnownFileType = sourcecode.swift; path = FileDownloader.swift; sourceTree = "<group>"; };
		DECAE47D8F190FF4B495A371 /* InstaDownloadError.swift */ = {isa = PBXFileReference; lastKnownFileType = sourcecode.swift; path = InstaDownloadError.swift; sourceTree = "<group>"; };
		E61807C9C5D49E342AFAA25B /* HTTPClient.swift */ = {isa = PBXFileReference; lastKnownFileType = sourcecode.swift; path = HTTPClient.swift; sourceTree = "<group>"; };
		EC5DCABD1B971EC821FDDD53 /* MediaLink.swift */ = {isa = PBXFileReference; lastKnownFileType = sourcecode.swift; path = MediaLink.swift; sourceTree = "<group>"; };
		EE1A9C32D117A6E506C85CF3 /* Assets.xcassets */ = {isa = PBXFileReference; lastKnownFileType = folder.assetcatalog; path = Assets.xcassets; sourceTree = "<group>"; };
		F349AEE74D921C338402BA2E /* InstagramResolver.swift */ = {isa = PBXFileReference; lastKnownFileType = sourcecode.swift; path = InstagramResolver.swift; sourceTree = "<group>"; };
		FE3693BDC6FAA00299BFA395 /* YouTubeResolverTests.swift */ = {isa = PBXFileReference; lastKnownFileType = sourcecode.swift; path = YouTubeResolverTests.swift; sourceTree = "<group>"; };
/* End PBXFileReference section */

/* Begin PBXGroup section */
		07D951DD1CF46BED8FF43D5B /* Services */ = {
			isa = PBXGroup;
			children = (
				8BCB374C47BFA2A70AC569B6 /* AudioConverter.swift */,
				7353B45078915B9B92A4A7CF /* DestinationStore.swift */,
				D5EB4CF20954744254046B00 /* FileDownloader.swift */,
				E61807C9C5D49E342AFAA25B /* HTTPClient.swift */,
				F349AEE74D921C338402BA2E /* InstagramResolver.swift */,
				B4CEBC3B53E3D98EC019309E /* MediaResolver.swift */,
				6F37AE4F0FBD587F43633BBD /* XResolver.swift */,
				CE16789A3DFCB95CE35A8842 /* YouTubeResolver.swift */,
				879FEEBFACD87995EE698F34 /* YTDlpEngine.swift */,
			);
			path = Services;
			sourceTree = "<group>";
		};
		2A94DF9E9FD7D3A189C26568 /* InstaDownload */ = {
			isa = PBXGroup;
			children = (
				D15E58A454F300C56CA1EE07 /* Domain */,
				07D951DD1CF46BED8FF43D5B /* Services */,
				ADE4B0F905B65066BF3B0905 /* UI */,
				EE1A9C32D117A6E506C85CF3 /* Assets.xcassets */,
				B8B8333957DE0EF090605809 /* InstaDownloadApp.swift */,
			);
			path = InstaDownload;
			sourceTree = "<group>";
		};
		71BFCC54D93AAB107A31C9DB = {
			isa = PBXGroup;
			children = (
				2A94DF9E9FD7D3A189C26568 /* InstaDownload */,
				C273C8A71C9854FFDF7E561F /* InstaDownloadTests */,
				82D131823AE27F67F31CEB46 /* Products */,
			);
			sourceTree = "<group>";
		};
		82D131823AE27F67F31CEB46 /* Products */ = {
			isa = PBXGroup;
			children = (
				BEE5DAE4220F181F7770D22E /* InstaDownload.app */,
				72A778CA13D0A240603E6283 /* InstaDownloadTests.xctest */,
			);
			name = Products;
			sourceTree = "<group>";
		};
		ADE4B0F905B65066BF3B0905 /* UI */ = {
			isa = PBXGroup;
			children = (
				A421695BC2407A1F58177E7A /* ContentView.swift */,
				C9B481889E7B7B78F5D8AD9C /* DownloadViewModel.swift */,
			);
			path = UI;
			sourceTree = "<group>";
		};
		C273C8A71C9854FFDF7E561F /* InstaDownloadTests */ = {
			isa = PBXGroup;
			children = (
				9AA171E251DA9E38773F1549 /* DownloadFormatTests.swift */,
				41C79DDB72704818205728AC /* EmbedParserTests.swift */,
				3E44BB9BF8D615C31EF0349B /* ErrorMappingTests.swift */,
				B5FA7F8F662F5E94D88AD4BF /* FilenameSanitizerTests.swift */,
				518D5676F3786D3A210C5852 /* InstagramResolverTests.swift */,
				CA22A61CE9B88410586D95D2 /* InstagramURLTests.swift */,
				473105CF35630C0B79D3E879 /* MediaLinkTests.swift */,
				C4CCBD87EBB700F6596B0D38 /* XURLTests.swift */,
				FE3693BDC6FAA00299BFA395 /* YouTubeResolverTests.swift */,
				8CD4F58C845EA3031C2D5CAB /* YouTubeURLTests.swift */,
			);
			path = InstaDownloadTests;
			sourceTree = "<group>";
		};
		D15E58A454F300C56CA1EE07 /* Domain */ = {
			isa = PBXGroup;
			children = (
				12774A93AA45695C6F4FA2D5 /* DownloadFormat.swift */,
				59C43AF70E79085C401E905E /* EmbedParser.swift */,
				12320048DCF14F0852D1F5A2 /* FilenameSanitizer.swift */,
				DECAE47D8F190FF4B495A371 /* InstaDownloadError.swift */,
				ABEEF9E726608FAF0D94BAD6 /* InstagramURL.swift */,
				EC5DCABD1B971EC821FDDD53 /* MediaLink.swift */,
				025A7B391A7D85871F0B156C /* ResolvedMedia.swift */,
				3068F1484545769FF2AF1575 /* URLParsing.swift */,
				1D331EB23E5303EB675C2D3F /* XURL.swift */,
				35738E85020E999559C502DC /* YouTubeURL.swift */,
			);
			path = Domain;
			sourceTree = "<group>";
		};
/* End PBXGroup section */

/* Begin PBXNativeTarget section */
		2158A879097584D245C7C346 /* InstaDownloadTests */ = {
			isa = PBXNativeTarget;
			buildConfigurationList = DE95C53EC03E27ACAF73ED70 /* Build configuration list for PBXNativeTarget "InstaDownloadTests" */;
			buildPhases = (
				06C9E79DCDC2B702F5076E7A /* Sources */,
			);
			buildRules = (
			);
			dependencies = (
				AAE19DB4561B73D4E6BCEDB0 /* PBXTargetDependency */,
			);
			name = InstaDownloadTests;
			packageProductDependencies = (
			);
			productName = InstaDownloadTests;
			productReference = 72A778CA13D0A240603E6283 /* InstaDownloadTests.xctest */;
			productType = "com.apple.product-type.bundle.unit-test";
		};
		FEE2E736DA5B11C5F8C71661 /* InstaDownload */ = {
			isa = PBXNativeTarget;
			buildConfigurationList = 34F830A76CCB01808AB6224A /* Build configuration list for PBXNativeTarget "InstaDownload" */;
			buildPhases = (
				BF33AA9E24EDC5BA2130605E /* Sources */,
				14F0B7332F17EF8B63D1DEA4 /* Resources */,
			);
			buildRules = (
			);
			dependencies = (
			);
			name = InstaDownload;
			packageProductDependencies = (
			);
			productName = InstaDownload;
			productReference = BEE5DAE4220F181F7770D22E /* InstaDownload.app */;
			productType = "com.apple.product-type.application";
		};
/* End PBXNativeTarget section */

/* Begin PBXProject section */
		CD8510F469DD46A788F51E05 /* Project object */ = {
			isa = PBXProject;
			attributes = {
				BuildIndependentTargetsInParallel = YES;
				LastUpgradeCheck = 1430;
				TargetAttributes = {
					2158A879097584D245C7C346 = {
						DevelopmentTeam = "";
					};
					FEE2E736DA5B11C5F8C71661 = {
						DevelopmentTeam = "";
					};
				};
			};
			buildConfigurationList = 4B44CAB9C3D50374319A9FE3 /* Build configuration list for PBXProject "InstaDownload" */;
			developmentRegion = en;
			hasScannedForEncodings = 0;
			knownRegions = (
				Base,
				en,
			);
			mainGroup = 71BFCC54D93AAB107A31C9DB;
			minimizedProjectReferenceProxies = 1;
			preferredProjectObjectVersion = 77;
			productRefGroup = 82D131823AE27F67F31CEB46 /* Products */;
			projectDirPath = "";
			projectRoot = "";
			targets = (
				FEE2E736DA5B11C5F8C71661 /* InstaDownload */,
				2158A879097584D245C7C346 /* InstaDownloadTests */,
			);
		};
/* End PBXProject section */

/* Begin PBXResourcesBuildPhase section */
		14F0B7332F17EF8B63D1DEA4 /* Resources */ = {
			isa = PBXResourcesBuildPhase;
			buildActionMask = 2147483647;
			files = (
				F340305DB0B549CD9FF00D29 /* Assets.xcassets in Resources */,
			);
			runOnlyForDeploymentPostprocessing = 0;
		};
/* End PBXResourcesBuildPhase section */

/* Begin PBXSourcesBuildPhase section */
		06C9E79DCDC2B702F5076E7A /* Sources */ = {
			isa = PBXSourcesBuildPhase;
			buildActionMask = 2147483647;
			files = (
				0C4F87A2448211DEE6C61407 /* DownloadFormatTests.swift in Sources */,
				872DC4E2393A39F6F3EAB72D /* EmbedParserTests.swift in Sources */,
				A824A2B0B03759D95D0C78DF /* ErrorMappingTests.swift in Sources */,
				2DE4B87777300507EB04BD99 /* FilenameSanitizerTests.swift in Sources */,
				811AA6D4E4B38A67254766D0 /* InstagramResolverTests.swift in Sources */,
				6C2633C8EF88AAD52BBB7166 /* InstagramURLTests.swift in Sources */,
				F7C2E1BA75ACBAA612E1E772 /* MediaLinkTests.swift in Sources */,
				BEF3C2E6E323E1C1C435E5C4 /* XURLTests.swift in Sources */,
				2D582EFAC3200EA343AE3B8B /* YouTubeResolverTests.swift in Sources */,
				0D97CF181B5D7CDA1B212A08 /* YouTubeURLTests.swift in Sources */,
			);
			runOnlyForDeploymentPostprocessing = 0;
		};
		BF33AA9E24EDC5BA2130605E /* Sources */ = {
			isa = PBXSourcesBuildPhase;
			buildActionMask = 2147483647;
			files = (
				23886F2BC6E09D001BBD9E63 /* AudioConverter.swift in Sources */,
				55C90D3E45EDC1DB1801030C /* ContentView.swift in Sources */,
				C7361DF2A86E81964DF0A4B6 /* DestinationStore.swift in Sources */,
				6F6F7B0FA85FD649DA485E21 /* DownloadFormat.swift in Sources */,
				3D80A2E1770A717BD92B7DCE /* DownloadViewModel.swift in Sources */,
				3EC54DEC30FBD2E4594B05B0 /* EmbedParser.swift in Sources */,
				F67B827AF2D4F44D73A05B98 /* FileDownloader.swift in Sources */,
				5EC520EEB88E34BBB27198C4 /* FilenameSanitizer.swift in Sources */,
				3AABEBBC4F75719013398754 /* HTTPClient.swift in Sources */,
				7D78C09F411A4F8063B5B6B4 /* InstaDownloadApp.swift in Sources */,
				90CA3F27DB9F56BB4913B78C /* InstaDownloadError.swift in Sources */,
				E6DD24A1CE74F5BD124FD82A /* InstagramResolver.swift in Sources */,
				AA1939688DD4CC20A4649024 /* InstagramURL.swift in Sources */,
				EFE4FEE6C57D5951D41C87D2 /* MediaLink.swift in Sources */,
				0EB15912D24F484ECA413E62 /* MediaResolver.swift in Sources */,
				02ADD7EEAD208DEDBA61A78D /* ResolvedMedia.swift in Sources */,
				2AD4BCC53B63832C7B9A9D8D /* URLParsing.swift in Sources */,
				C28D5F512C263E7DCA376FD0 /* XResolver.swift in Sources */,
				ACFB8A1D5C7F2C6A0C60145A /* XURL.swift in Sources */,
				AC270991F1F1734B24805DF7 /* YTDlpEngine.swift in Sources */,
				B37709B0AC662798F8219AA5 /* YouTubeResolver.swift in Sources */,
				C7DAB7E4E384DE7D16AB25FC /* YouTubeURL.swift in Sources */,
			);
			runOnlyForDeploymentPostprocessing = 0;
		};
/* End PBXSourcesBuildPhase section */

/* Begin PBXTargetDependency section */
		AAE19DB4561B73D4E6BCEDB0 /* PBXTargetDependency */ = {
			isa = PBXTargetDependency;
			target = FEE2E736DA5B11C5F8C71661 /* InstaDownload */;
			targetProxy = 491237FDF5BAAC9C018F99CC /* PBXContainerItemProxy */;
		};
/* End PBXTargetDependency section */

/* Begin XCBuildConfiguration section */
		327373564179BC13AAA971AA /* Release */ = {
			isa = XCBuildConfiguration;
			buildSettings = {
				BUNDLE_LOADER = "$(TEST_HOST)";
				CODE_SIGNING_ALLOWED = YES;
				CODE_SIGNING_REQUIRED = NO;
				CODE_SIGN_IDENTITY = "-";
				COMBINE_HIDPI_IMAGES = YES;
				GENERATE_INFOPLIST_FILE = YES;
				LD_RUNPATH_SEARCH_PATHS = (
					"$(inherited)",
					"@executable_path/../Frameworks",
					"@loader_path/../Frameworks",
				);
				MACOSX_DEPLOYMENT_TARGET = 14.0;
				PRODUCT_BUNDLE_IDENTIFIER = com.marfepa.InstaDownloadTests;
				SDKROOT = macosx;
				SWIFT_STRICT_CONCURRENCY = complete;
				TEST_HOST = "$(BUILT_PRODUCTS_DIR)/InstaDownload.app/Contents/MacOS/InstaDownload";
			};
			name = Release;
		};
		62B978881A37EF9E8D7487CB /* Debug */ = {
			isa = XCBuildConfiguration;
			buildSettings = {
				ALWAYS_SEARCH_USER_PATHS = NO;
				CLANG_ANALYZER_NONNULL = YES;
				CLANG_ANALYZER_NUMBER_OBJECT_CONVERSION = YES_AGGRESSIVE;
				CLANG_CXX_LANGUAGE_STANDARD = "gnu++14";
				CLANG_CXX_LIBRARY = "libc++";
				CLANG_ENABLE_MODULES = YES;
				CLANG_ENABLE_OBJC_ARC = YES;
				CLANG_ENABLE_OBJC_WEAK = YES;
				CLANG_WARN_BLOCK_CAPTURE_AUTORELEASING = YES;
				CLANG_WARN_BOOL_CONVERSION = YES;
				CLANG_WARN_COMMA = YES;
				CLANG_WARN_CONSTANT_CONVERSION = YES;
				CLANG_WARN_DEPRECATED_OBJC_IMPLEMENTATIONS = YES;
				CLANG_WARN_DIRECT_OBJC_ISA_USAGE = YES_ERROR;
				CLANG_WARN_DOCUMENTATION_COMMENTS = YES;
				CLANG_WARN_EMPTY_BODY = YES;
				CLANG_WARN_ENUM_CONVERSION = YES;
				CLANG_WARN_INFINITE_RECURSION = YES;
				CLANG_WARN_INT_CONVERSION = YES;
				CLANG_WARN_NON_LITERAL_NULL_CONVERSION = YES;
				CLANG_WARN_OBJC_IMPLICIT_RETAIN_SELF = YES;
				CLANG_WARN_OBJC_LITERAL_CONVERSION = YES;
				CLANG_WARN_OBJC_ROOT_CLASS = YES_ERROR;
				CLANG_WARN_QUOTED_INCLUDE_IN_FRAMEWORK_HEADER = YES;
				CLANG_WARN_RANGE_LOOP_ANALYSIS = YES;
				CLANG_WARN_STRICT_PROTOTYPES = YES;
				CLANG_WARN_SUSPICIOUS_MOVE = YES;
				CLANG_WARN_UNGUARDED_AVAILABILITY = YES_AGGRESSIVE;
				CLANG_WARN_UNREACHABLE_CODE = YES;
				CLANG_WARN__DUPLICATE_METHOD_MATCH = YES;
				COPY_PHASE_STRIP = NO;
				DEBUG_INFORMATION_FORMAT = dwarf;
				DEVELOPMENT_TEAM = "";
				ENABLE_STRICT_OBJC_MSGSEND = YES;
				ENABLE_TESTABILITY = YES;
				GCC_C_LANGUAGE_STANDARD = gnu11;
				GCC_DYNAMIC_NO_PIC = NO;
				GCC_NO_COMMON_BLOCKS = YES;
				GCC_OPTIMIZATION_LEVEL = 0;
				GCC_PREPROCESSOR_DEFINITIONS = (
					"$(inherited)",
					"DEBUG=1",
				);
				GCC_WARN_64_TO_32_BIT_CONVERSION = YES;
				GCC_WARN_ABOUT_RETURN_TYPE = YES_ERROR;
				GCC_WARN_UNDECLARED_SELECTOR = YES;
				GCC_WARN_UNINITIALIZED_AUTOS = YES_AGGRESSIVE;
				GCC_WARN_UNUSED_FUNCTION = YES;
				GCC_WARN_UNUSED_VARIABLE = YES;
				MACOSX_DEPLOYMENT_TARGET = 14.0;
				MTL_ENABLE_DEBUG_INFO = INCLUDE_SOURCE;
				MTL_FAST_MATH = YES;
				ONLY_ACTIVE_ARCH = YES;
				PRODUCT_NAME = "$(TARGET_NAME)";
				SDKROOT = macosx;
				SWIFT_ACTIVE_COMPILATION_CONDITIONS = DEBUG;
				SWIFT_OPTIMIZATION_LEVEL = "-Onone";
				SWIFT_VERSION = 6.0;
			};
			name = Debug;
		};
		6DA0EC8C1EE7E47BB45A4814 /* Release */ = {
			isa = XCBuildConfiguration;
			buildSettings = {
				ALWAYS_SEARCH_USER_PATHS = NO;
				CLANG_ANALYZER_NONNULL = YES;
				CLANG_ANALYZER_NUMBER_OBJECT_CONVERSION = YES_AGGRESSIVE;
				CLANG_CXX_LANGUAGE_STANDARD = "gnu++14";
				CLANG_CXX_LIBRARY = "libc++";
				CLANG_ENABLE_MODULES = YES;
				CLANG_ENABLE_OBJC_ARC = YES;
				CLANG_ENABLE_OBJC_WEAK = YES;
				CLANG_WARN_BLOCK_CAPTURE_AUTORELEASING = YES;
				CLANG_WARN_BOOL_CONVERSION = YES;
				CLANG_WARN_COMMA = YES;
				CLANG_WARN_CONSTANT_CONVERSION = YES;
				CLANG_WARN_DEPRECATED_OBJC_IMPLEMENTATIONS = YES;
				CLANG_WARN_DIRECT_OBJC_ISA_USAGE = YES_ERROR;
				CLANG_WARN_DOCUMENTATION_COMMENTS = YES;
				CLANG_WARN_EMPTY_BODY = YES;
				CLANG_WARN_ENUM_CONVERSION = YES;
				CLANG_WARN_INFINITE_RECURSION = YES;
				CLANG_WARN_INT_CONVERSION = YES;
				CLANG_WARN_NON_LITERAL_NULL_CONVERSION = YES;
				CLANG_WARN_OBJC_IMPLICIT_RETAIN_SELF = YES;
				CLANG_WARN_OBJC_LITERAL_CONVERSION = YES;
				CLANG_WARN_OBJC_ROOT_CLASS = YES_ERROR;
				CLANG_WARN_QUOTED_INCLUDE_IN_FRAMEWORK_HEADER = YES;
				CLANG_WARN_RANGE_LOOP_ANALYSIS = YES;
				CLANG_WARN_STRICT_PROTOTYPES = YES;
				CLANG_WARN_SUSPICIOUS_MOVE = YES;
				CLANG_WARN_UNGUARDED_AVAILABILITY = YES_AGGRESSIVE;
				CLANG_WARN_UNREACHABLE_CODE = YES;
				CLANG_WARN__DUPLICATE_METHOD_MATCH = YES;
				COPY_PHASE_STRIP = NO;
				DEBUG_INFORMATION_FORMAT = "dwarf-with-dsym";
				DEVELOPMENT_TEAM = "";
				ENABLE_NS_ASSERTIONS = NO;
				ENABLE_STRICT_OBJC_MSGSEND = YES;
				GCC_C_LANGUAGE_STANDARD = gnu11;
				GCC_NO_COMMON_BLOCKS = YES;
				GCC_WARN_64_TO_32_BIT_CONVERSION = YES;
				GCC_WARN_ABOUT_RETURN_TYPE = YES_ERROR;
				GCC_WARN_UNDECLARED_SELECTOR = YES;
				GCC_WARN_UNINITIALIZED_AUTOS = YES_AGGRESSIVE;
				GCC_WARN_UNUSED_FUNCTION = YES;
				GCC_WARN_UNUSED_VARIABLE = YES;
				MACOSX_DEPLOYMENT_TARGET = 14.0;
				MTL_ENABLE_DEBUG_INFO = NO;
				MTL_FAST_MATH = YES;
				PRODUCT_NAME = "$(TARGET_NAME)";
				SDKROOT = macosx;
				SWIFT_COMPILATION_MODE = wholemodule;
				SWIFT_OPTIMIZATION_LEVEL = "-O";
				SWIFT_VERSION = 6.0;
			};
			name = Release;
		};
		9AB0D2D4E9205E53C5A48303 /* Debug */ = {
			isa = XCBuildConfiguration;
			buildSettings = {
				BUNDLE_LOADER = "$(TEST_HOST)";
				CODE_SIGNING_ALLOWED = YES;
				CODE_SIGNING_REQUIRED = NO;
				CODE_SIGN_IDENTITY = "-";
				COMBINE_HIDPI_IMAGES = YES;
				GENERATE_INFOPLIST_FILE = YES;
				LD_RUNPATH_SEARCH_PATHS = (
					"$(inherited)",
					"@executable_path/../Frameworks",
					"@loader_path/../Frameworks",
				);
				MACOSX_DEPLOYMENT_TARGET = 14.0;
				PRODUCT_BUNDLE_IDENTIFIER = com.marfepa.InstaDownloadTests;
				SDKROOT = macosx;
				SWIFT_STRICT_CONCURRENCY = complete;
				TEST_HOST = "$(BUILT_PRODUCTS_DIR)/InstaDownload.app/Contents/MacOS/InstaDownload";
			};
			name = Debug;
		};
		D8A95659D45B0F050A76B907 /* Debug */ = {
			isa = XCBuildConfiguration;
			buildSettings = {
				ASSETCATALOG_COMPILER_APPICON_NAME = AppIcon;
				CODE_SIGNING_ALLOWED = YES;
				CODE_SIGNING_REQUIRED = NO;
				CODE_SIGN_IDENTITY = "-";
				COMBINE_HIDPI_IMAGES = YES;
				CURRENT_PROJECT_VERSION = 1;
				ENABLE_HARDENED_RUNTIME = NO;
				ENABLE_PREVIEWS = YES;
				GENERATE_INFOPLIST_FILE = YES;
				INFOPLIST_KEY_CFBundleDisplayName = InstaDownload;
				INFOPLIST_KEY_LSApplicationCategoryType = "public.app-category.video";
				INFOPLIST_KEY_LSMinimumSystemVersion = 14.0;
				INFOPLIST_KEY_NSHighResolutionCapable = YES;
				INFOPLIST_KEY_NSHumanReadableCopyright = "Copyright © 2026";
				LD_RUNPATH_SEARCH_PATHS = (
					"$(inherited)",
					"@executable_path/../Frameworks",
				);
				MACOSX_DEPLOYMENT_TARGET = 14.0;
				MARKETING_VERSION = 0.1.0;
				PRODUCT_BUNDLE_IDENTIFIER = com.marfepa.InstaDownload;
				PRODUCT_NAME = InstaDownload;
				SDKROOT = macosx;
				SWIFT_STRICT_CONCURRENCY = complete;
			};
			name = Debug;
		};
		FC0822755F908A74F7AEAF3E /* Release */ = {
			isa = XCBuildConfiguration;
			buildSettings = {
				ASSETCATALOG_COMPILER_APPICON_NAME = AppIcon;
				CODE_SIGNING_ALLOWED = YES;
				CODE_SIGNING_REQUIRED = NO;
				CODE_SIGN_IDENTITY = "-";
				COMBINE_HIDPI_IMAGES = YES;
				CURRENT_PROJECT_VERSION = 1;
				ENABLE_HARDENED_RUNTIME = NO;
				ENABLE_PREVIEWS = YES;
				GENERATE_INFOPLIST_FILE = YES;
				INFOPLIST_KEY_CFBundleDisplayName = InstaDownload;
				INFOPLIST_KEY_LSApplicationCategoryType = "public.app-category.video";
				INFOPLIST_KEY_LSMinimumSystemVersion = 14.0;
				INFOPLIST_KEY_NSHighResolutionCapable = YES;
				INFOPLIST_KEY_NSHumanReadableCopyright = "Copyright © 2026";
				LD_RUNPATH_SEARCH_PATHS = (
					"$(inherited)",
					"@executable_path/../Frameworks",
				);
				MACOSX_DEPLOYMENT_TARGET = 14.0;
				MARKETING_VERSION = 0.1.0;
				PRODUCT_BUNDLE_IDENTIFIER = com.marfepa.InstaDownload;
				PRODUCT_NAME = InstaDownload;
				SDKROOT = macosx;
				SWIFT_STRICT_CONCURRENCY = complete;
			};
			name = Release;
		};
/* End XCBuildConfiguration section */

/* Begin XCConfigurationList section */
		34F830A76CCB01808AB6224A /* Build configuration list for PBXNativeTarget "InstaDownload" */ = {
			isa = XCConfigurationList;
			buildConfigurations = (
				D8A95659D45B0F050A76B907 /* Debug */,
				FC0822755F908A74F7AEAF3E /* Release */,
			);
			defaultConfigurationIsVisible = 0;
			defaultConfigurationName = Debug;
		};
		4B44CAB9C3D50374319A9FE3 /* Build configuration list for PBXProject "InstaDownload" */ = {
			isa = XCConfigurationList;
			buildConfigurations = (
				62B978881A37EF9E8D7487CB /* Debug */,
				6DA0EC8C1EE7E47BB45A4814 /* Release */,
			);
			defaultConfigurationIsVisible = 0;
			defaultConfigurationName = Debug;
		};
		DE95C53EC03E27ACAF73ED70 /* Build configuration list for PBXNativeTarget "InstaDownloadTests" */ = {
			isa = XCConfigurationList;
			buildConfigurations = (
				9AB0D2D4E9205E53C5A48303 /* Debug */,
				327373564179BC13AAA971AA /* Release */,
			);
			defaultConfigurationIsVisible = 0;
			defaultConfigurationName = Debug;
		};
/* End XCConfigurationList section */
	};
	rootObject = CD8510F469DD46A788F51E05 /* Project object */;
}
